
Microsoft Visual Studio Solution File, Format Version 12.00
# Visual Studio Version 17
VisualStudioVersion = 17.8.34330.188
MinimumVisualStudioVersion = 10.0.40219.1
Project("{FAE04EC0-301F-11D3-BF4B-00C04F79EFBC}") = "Cycles", "Cycles\Cycles.csproj", "{BA20D01B-61ED-456A-A34C-1974109F5265}"
EndProject
Global
	GlobalSection(SolutionConfigurationPlatforms) = preSolution
		Debug|Any CPU = Debug|Any CPU
		Release|Any CPU = Release|Any CPU
	EndGlobalSection
	GlobalSection(ProjectConfigurationPlatforms) = postSolution
		{BA20D01B-61ED-456A-A34C-1974109F5265}.Debug|Any CPU.ActiveCfg = Debug|Any CPU
		{BA20D01B-61ED-456A-A34C-1974109F5265}.Debug|Any CPU.Build.0 = Debug|Any CPU
		{BA20D01B-61ED-456A-A34C-1974109F5265}.Release|Any CPU.ActiveCfg = Release|Any CPU
		{BA20D01B-61ED-456A-A34C-1974109F5265}.Release|Any CPU.Build.0 = Release|Any CPU
	EndGlobalSection
	GlobalSection(SolutionProperties) = preSolution
		HideSolutionNode = FALSE
	EndGlobalSection
	GlobalSection(ExtensibilityGlobals) = postSolution
		SolutionGuid = {52629944-1B64-48E7-A92A-FDE35F4C41BC}
	EndGlobalSection
EndGlobal
